{
  "nodes": {
    "home-manager": {
      "inputs": {
        "nixpkgs": [
          "nixpkgs"
        ]
      },
      "locked": {
        "lastModified": 1789695075,
        "narHash": "sha256-HREFWgmCTp28ZdMkSFOW2QW8uI17v5CNc04W46h6aPo=",
        "owner": "nix-community",
        "repo": "home-manager",
        "rev": "4ac5a2ae9025eab1ebece4f9df8c315fd84a738a",
        "type": "github"
      },
      "original": {
        "owner": "nix-community",
        "repo": "home-manager",
        "type": "github"
      }
    },
    "nixpkgs": {
      "locked": {
        "lastModified": 1789546076,
        "narHash": "sha256-zVxLZiSnmaaPLwnhj7pwmqe3axBg/C6nG5JZsJMh2g4=",
        "owner": "NixOS",
        "repo": "nixpkgs",
        "rev": "b1b875982b17dabde9b4a37f3e229e74913e6db3",
        "type": "github"
      },
      "original": {
        "owner": "NixOS",
        "ref": "nixos-unstable",
        "repo": "nixpkgs",
        "type": "github"
      }
    },
    "root": {
      "inputs": {
        "home-manager": "home-manager",
        "nixpkgs": "nixpkgs"
      }
    }
  },
  "root": "root",
  "version": 7
}
